<?xml version="1.0" encoding="UTF-8" standalone="yes" ?>
<CodeBlocks_project_file>
	<FileVersion major="1" minor="6" />
	<Project>
		<Option title="Sudoku" />
		<Option pch_mode="2" />
		<Option compiler="gcc" />
		<Build>
			<Target title="Release">
				<Option output="bin/Release/Sudoku" prefix_auto="1" extension_auto="1" />
				<Option object_output="obj/Release/" />
				<Option type="0" />
				<Option compiler="gcc" />
				<Option projectLinkerOptionsRelation="2" />
				<Compiler>
					<Add option="-O2" />
					<Add option="-D__UNICODE" />
					<Add directory="C:/Users/micha/OneDrive/Pulpit/wxWidgets-3.1.3/lib/gcc_dll/mswu" />
				</Compiler>
				<ResourceCompiler>
					<Add directory="C:/Users/micha/OneDrive/Pulpit/wxWidgets-3.1.3/lib/gcc_dll/mswu" />
				</ResourceCompiler>
				<Linker>
					<Add option="-s" />
					<Add library="libwxmsw31u.a" />
					<Add directory="C:/Users/micha/OneDrive/Pulpit/wxWidgets-3.1.3/lib/gcc_dll" />
				</Linker>
			</Target>
		</Build>
		<Compiler>
			<Add option="-pipe" />
			<Add option="-mthreads" />
			<Add option="-D__GNUWIN32__" />
			<Add option="-D__WXMSW__" />
			<Add option="-DWXUSINGDLL" />
			<Add option="-DwxUSE_UNICODE" />
			<Add option="-Wall" />
			<Add directory="C:/Users/micha/OneDrive/Pulpit/wxWidgets-3.1.3/include" />
		</Compiler>
		<ResourceCompiler>
			<Add directory="C:/Users/micha/OneDrive/Pulpit/wxWidgets-3.1.3/include" />
		</ResourceCompiler>
		<Linker>
			<Add option="-mthreads" />
		</Linker>
		<Unit filename="Sudoku.cpp" />
		<Unit filename="Sudoku.h" />
		<Unit filename="SudokuApp.cpp" />
		<Unit filename="SudokuApp.h" />
		<Unit filename="SudokuMain.cpp" />
		<Unit filename="SudokuMain.h" />
		<Unit filename="TxtReader.cpp" />
		<Unit filename="TxtReader.h" />
		<Unit filename="resource.rc">
			<Option compilerVar="WINDRES" />
		</Unit>
		<Unit filename="wxsmith/Sudokudialog.wxs" />
		<Extensions>
			<code_completion />
			<envvars />
			<debugger />
			<lib_finder disable_auto="1" />
			<wxsmith version="1">
				<gui name="wxWidgets" src="SudokuApp.cpp" main="SudokuDialog" init_handlers="necessary" language="CPP" />
				<resources>
					<wxDialog wxs="wxsmith/Sudokudialog.wxs" src="SudokuMain.cpp" hdr="SudokuMain.h" fwddecl="0" i18n="1" name="SudokuDialog" language="CPP" />
				</resources>
			</wxsmith>
		</Extensions>
	</Project>
</CodeBlocks_project_file>
